Microsoft Visual Studio Solution File, Format Version 12.00
# Visual Studio Version 17
VisualStudioVersion = 17.5.2.0
MinimumVisualStudioVersion = 10.0.40219.1
Project("{FAE04EC0-301F-11D3-BF4B-00C04F79EFBC}") = "TimeComplexities", "TimeComplexities.csproj", "{63F4F298-E8E7-6E28-CABD-C925EA7FF7A1}"
EndProject
Global
	GlobalSection(SolutionConfigurationPlatforms) = preSolution
		Debug|Any CPU = Debug|Any CPU
		Release|Any CPU = Release|Any CPU
	EndGlobalSection
	GlobalSection(ProjectConfigurationPlatforms) = postSolution
		{63F4F298-E8E7-6E28-CABD-C925EA7FF7A1}.Debug|Any CPU.ActiveCfg = Debug|Any CPU
		{63F4F298-E8E7-6E28-CABD-C925EA7FF7A1}.Debug|Any CPU.Build.0 = Debug|Any CPU
		{63F4F298-E8E7-6E28-CABD-C925EA7FF7A1}.Release|Any CPU.ActiveCfg = Release|Any CPU
		{63F4F298-E8E7-6E28-CABD-C925EA7FF7A1}.Release|Any CPU.Build.0 = Release|Any CPU
	EndGlobalSection
	GlobalSection(SolutionProperties) = preSolution
		HideSolutionNode = FALSE
	EndGlobalSection
	GlobalSection(ExtensibilityGlobals) = postSolution
		SolutionGuid = {B25AE69D-9799-45F7-BB88-5096B25BB885}
	EndGlobalSection
EndGlobal
